// !$*UTF8*$!
{
	archiveVersion = 1;
	classes = {
	};
	objectVersion = 46;
	objects = {

/* Begin PBXBuildFile section */
		5EFD8E121D29B314004EA812 /* AppDelegate.swift in Sources */ = {isa = PBXBuildFile; fileRef = 5EFD8E111D29B314004EA812 /* AppDelegate.swift */; };
		5EFD8E171D29B314004EA812 /* Main.storyboard in Resources */ = {isa = PBXBuildFile; fileRef = 5EFD8E151D29B314004EA812 /* Main.storyboard */; };
		5EFD8E191D29B314004EA812 /* Assets.xcassets in Resources */ = {isa = PBXBuildFile; fileRef = 5EFD8E181D29B314004EA812 /* Assets.xcassets */; };
		5EFD8E1C1D29B314004EA812 /* LaunchScreen.storyboard in Resources */ = {isa = PBXBuildFile; fileRef = 5EFD8E1A1D29B314004EA812 /* LaunchScreen.storyboard */; };
		5EFD8E271D29B314004EA812 /* VirtualTouristTests.swift in Sources */ = {isa = PBXBuildFile; fileRef = 5EFD8E261D29B314004EA812 /* VirtualTouristTests.swift */; };
		5EFD8E321D29B315004EA812 /* VirtualTouristUITests.swift in Sources */ = {isa = PBXBuildFile; fileRef = 5EFD8E311D29B315004EA812 /* VirtualTouristUITests.swift */; };
		5EFD8E401D29BE79004EA812 /* MapViewController.swift in Sources */ = {isa = PBXBuildFile; fileRef = 5EFD8E3F1D29BE79004EA812 /* MapViewController.swift */; };
		5EFD8E421D29BE82004EA812 /* MapDetailViewController.swift in Sources */ = {isa = PBXBuildFile; fileRef = 5EFD8E411D29BE82004EA812 /* MapDetailViewController.swift */; };
/* End PBXBuildFile section */

/* Begin PBXContainerItemProxy section */
		5EFD8E231D29B314004EA812 /* PBXContainerItemProxy */ = {
			isa = PBXContainerItemProxy;
			containerPortal = 5EFD8E061D29B314004EA812 /* Project object */;
			proxyType = 1;
			remoteGlobalIDString = 5EFD8E0D1D29B314004EA812;
			remoteInfo = VirtualTourist;
		};
		5EFD8E2E1D29B315004EA812 /* PBXContainerItemProxy */ = {
			isa = PBXContainerItemProxy;
			containerPortal = 5EFD8E061D29B314004EA812 /* Project object */;
			proxyType = 1;
			remoteGlobalIDString = 5EFD8E0D1D29B314004EA812;
			remoteInfo = VirtualTourist;
		};
/* End PBXContainerItemProxy section */

/* Begin PBXFileReference section */
		5EFD8E0E1D29B314004EA812 /* VirtualTourist.app */ = {isa = PBXFileReference; explicitFileType = wrapper.application; includeInIndex = 0; path = VirtualTourist.app; sourceTree = BUILT_PRODUCTS_DIR; };
		5EFD8E111D29B314004EA812 /* AppDelegate.swift */ = {isa = PBXFileReference; lastKnownFileType = sourcecode.swift; path = AppDelegate.swift; sourceTree = "<group>"; };
		5EFD8E161D29B314004EA812 /* Base */ = {isa = PBXFileReference; lastKnownFileType = file.storyboard; name = Base; path = Base.lproj/Main.storyboard; sourceTree = "<group>"; };
		5EFD8E181D29B314004EA812 /* Assets.xcassets */ = {isa = PBXFileReference; lastKnownFileType = folder.assetcatalog; path = Assets.xcassets; sourceTree = "<group>"; };
		5EFD8E1B1D29B314004EA812 /* Base */ = {isa = PBXFileReference; lastKnownFileType = file.storyboard; name = Base; path = Base.lproj/LaunchScreen.storyboard; sourceTree = "<group>"; };
		5EFD8E1D1D29B314004EA812 /* Info.plist */ = {isa = PBXFileReference; lastKnownFileType = text.plist.xml; path = Info.plist; sourceTree = "<group>"; };
		5EFD8E221D29B314004EA812 /* VirtualTouristTests.xctest */ = {isa = PBXFileReference; explicitFileType = wrapper.cfbundle; includeInIndex = 0; path = VirtualTouristTests.xctest; sourceTree = BUILT_PRODUCTS_DIR; };
		5EFD8E261D29B314004EA812 /* VirtualTouristTests.swift */ = {isa = PBXFileReference; lastKnownFileType = sourcecode.swift; path = VirtualTouristTests.swift; sourceTree = "<group>"; };
		5EFD8E281D29B314004EA812 /* Info.plist */ = {isa = PBXFileReference; lastKnownFileType = text.plist.xml; path = Info.plist; sourceTree = "<group>"; };
		5EFD8E2D1D29B315004EA812 /* VirtualTouristUITests.xctest */ = {isa = PBXFileReference; explicitFileType = wrapper.cfbundle; includeInIndex = 0; path = VirtualTouristUITests.xctest; sourceTree = BUILT_PRODUCTS_DIR; };
		5EFD8E311D29B315004EA812 /* VirtualTouristUITests.swift */ = {isa = PBXFileReference; lastKnownFileType = sourcecode.swift; path = VirtualTouristUITests.swift; sourceTree = "<group>"; };
		5EFD8E331D29B315004EA812 /* Info.plist */ = {isa = PBXFileReference; lastKnownFileType = text.plist.xml; path = Info.plist; sourceTree = "<group>"; };
		5EFD8E3F1D29BE79004EA812 /* MapViewController.swift */ = {isa = PBXFileReference; fileEncoding = 4; lastKnownFileType = sourcecode.swift; path = MapViewController.swift; sourceTree = "<group>"; };
		5EFD8E411D29BE82004EA812 /* MapDetailViewController.swift */ = {isa = PBXFileReference; fileEncoding = 4; lastKnownFileType = sourcecode.swift; path = MapDetailViewController.swift; sourceTree = "<group>"; };
/* End PBXFileReference section */

/* Begin PBXFrameworksBuildPhase section */
		5EFD8E0B1D29B314004EA812 /* Frameworks */ = {
			isa = PBXFrameworksBuildPhase;
			buildActionMask = 2147483647;
			files = (
			);
			runOnlyForDeploymentPostprocessing = 0;
		};
		5EFD8E1F1D29B314004EA812 /* Frameworks */ = {
			isa = PBXFrameworksBuildPhase;
			buildActionMask = 2147483647;
			files = (
			);
			runOnlyForDeploymentPostprocessing = 0;
		};
		5EFD8E2A1D29B315004EA812 /* Frameworks */ = {
			isa = PBXFrameworksBuildPhase;
			buildActionMask = 2147483647;
			files = (
			);
			runOnlyForDeploymentPostprocessing = 0;
		};
/* End PBXFrameworksBuildPhase section */

/* Begin PBXGroup section */
		5EFD8E051D29B314004EA812 = {
			isa = PBXGroup;
			children = (
				5EFD8E101D29B314004EA812 /* VirtualTourist */,
				5EFD8E251D29B314004EA812 /* VirtualTouristTests */,
				5EFD8E301D29B315004EA812 /* VirtualTouristUITests */,
				5EFD8E0F1D29B314004EA812 /* Products */,
			);
			sourceTree = "<group>";
		};
		5EFD8E0F1D29B314004EA812 /* Products */ = {
			isa = PBXGroup;
			children = (
				5EFD8E0E1D29B314004EA812 /* VirtualTourist.app */,
				5EFD8E221D29B314004EA812 /* VirtualTouristTests.xctest */,
				5EFD8E2D1D29B315004EA812 /* VirtualTouristUITests.xctest */,
			);
			name = Products;
			sourceTree = "<group>";
		};
		5EFD8E101D29B314004EA812 /* VirtualTourist */ = {
			isa = PBXGroup;
			children = (
				5EFD8E431D29BE8D004EA812 /* Controller */,
				5EFD8E111D29B314004EA812 /* AppDelegate.swift */,
				5EFD8E151D29B314004EA812 /* Main.storyboard */,
				5EFD8E181D29B314004EA812 /* Assets.xcassets */,
				5EFD8E1A1D29B314004EA812 /* LaunchScreen.storyboard */,
				5EFD8E1D1D29B314004EA812 /* Info.plist */,
			);
			path = VirtualTourist;
			sourceTree = "<group>";
		};
		5EFD8E251D29B314004EA812 /* VirtualTouristTests */ = {
			isa = PBXGroup;
			children = (
				5EFD8E261D29B314004EA812 /* VirtualTouristTests.swift */,
				5EFD8E281D29B314004EA812 /* Info.plist */,
			);
			path = VirtualTouristTests;
			sourceTree = "<group>";
		};
		5EFD8E301D29B315004EA812 /* VirtualTouristUITests */ = {
			isa = PBXGroup;
			children = (
				5EFD8E311D29B315004EA812 /* VirtualTouristUITests.swift */,
				5EFD8E331D29B315004EA812 /* Info.plist */,
			);
			path = VirtualTouristUITests;
			sourceTree = "<group>";
		};
		5EFD8E431D29BE8D004EA812 /* Controller */ = {
			isa = PBXGroup;
			children = (
				5EFD8E3F1D29BE79004EA812 /* MapViewController.swift */,
				5EFD8E411D29BE82004EA812 /* MapDetailViewController.swift */,
			);
			name = Controller;
			sourceTree = "<group>";
		};
/* End PBXGroup section */

/* Begin PBXNativeTarget section */
		5EFD8E0D1D29B314004EA812 /* VirtualTourist */ = {
			isa = PBXNativeTarget;
			buildConfigurationList = 5EFD8E361D29B315004EA812 /* Build configuration list for PBXNativeTarget "VirtualTourist" */;
			buildPhases = (
				5EFD8E0A1D29B314004EA812 /* Sources */,
				5EFD8E0B1D29B314004EA812 /* Frameworks */,
				5EFD8E0C1D29B314004EA812 /* Resources */,
			);
			buildRules = (
			);
			dependencies = (
			);
			name = VirtualTourist;
			productName = VirtualTourist;
			productReference = 5EFD8E0E1D29B314004EA812 /* VirtualTourist.app */;
			productType = "com.apple.product-type.application";
		};
		5EFD8E211D29B314004EA812 /* VirtualTouristTests */ = {
			isa = PBXNativeTarget;
			buildConfigurationList = 5EFD8E391D29B315004EA812 /* Build configuration list for PBXNativeTarget "VirtualTouristTests" */;
			buildPhases = (
				5EFD8E1E1D29B314004EA812 /* Sources */,
				5EFD8E1F1D29B314004EA812 /* Frameworks */,
				5EFD8E201D29B314004EA812 /* Resources */,
			);
			buildRules = (
			);
			dependencies = (
				5EFD8E241D29B314004EA812 /* PBXTargetDependency */,
			);
			name = VirtualTouristTests;
			productName = VirtualTouristTests;
			productReference = 5EFD8E221D29B314004EA812 /* VirtualTouristTests.xctest */;
			productType = "com.apple.product-type.bundle.unit-test";
		};
		5EFD8E2C1D29B315004EA812 /* VirtualTouristUITests */ = {
			isa = PBXNativeTarget;
			buildConfigurationList = 5EFD8E3C1D29B315004EA812 /* Build configuration list for PBXNativeTarget "VirtualTouristUITests" */;
			buildPhases = (
				5EFD8E291D29B315004EA812 /* Sources */,
				5EFD8E2A1D29B315004EA812 /* Frameworks */,
				5EFD8E2B1D29B315004EA812 /* Resources */,
			);
			buildRules = (
			);
			dependencies = (
				5EFD8E2F1D29B315004EA812 /* PBXTargetDependency */,
			);
			name = VirtualTouristUITests;
			productName = VirtualTouristUITests;
			productReference = 5EFD8E2D1D29B315004EA812 /* VirtualTouristUITests.xctest */;
			productType = "com.apple.product-type.bundle.ui-testing";
		};
/* End PBXNativeTarget section */

/* Begin PBXProject section */
		5EFD8E061D29B314004EA812 /* Project object */ = {
			isa = PBXProject;
			attributes = {
				LastSwiftUpdateCheck = 0730;
				LastUpgradeCheck = 0730;
				ORGANIZATIONNAME = akshaytiyer;
				TargetAttributes = {
					5EFD8E0D1D29B314004EA812 = {
						CreatedOnToolsVersion = 7.3.1;
						DevelopmentTeam = GNRCM5BXKW;
					};
					5EFD8E211D29B314004EA812 = {
						CreatedOnToolsVersion = 7.3.1;
						DevelopmentTeam = GNRCM5BXKW;
						TestTargetID = 5EFD8E0D1D29B314004EA812;
					};
					5EFD8E2C1D29B315004EA812 = {
						CreatedOnToolsVersion = 7.3.1;
						DevelopmentTeam = GNRCM5BXKW;
						TestTargetID = 5EFD8E0D1D29B314004EA812;
					};
				};
			};
			buildConfigurationList = 5EFD8E091D29B314004EA812 /* Build configuration list for PBXProject "VirtualTourist" */;
			compatibilityVersion = "Xcode 3.2";
			developmentRegion = English;
			hasScannedForEncodings = 0;
			knownRegions = (
				en,
				Base,
			);
			mainGroup = 5EFD8E051D29B314004EA812;
			productRefGroup = 5EFD8E0F1D29B314004EA812 /* Products */;
			projectDirPath = "";
			projectRoot = "";
			targets = (
				5EFD8E0D1D29B314004EA812 /* VirtualTourist */,
				5EFD8E211D29B314004EA812 /* VirtualTouristTests */,
				5EFD8E2C1D29B315004EA812 /* VirtualTouristUITests */,
			);
		};
/* End PBXProject section */

/* Begin PBXResourcesBuildPhase section */
		5EFD8E0C1D29B314004EA812 /* Resources */ = {
			isa = PBXResourcesBuildPhase;
			buildActionMask = 2147483647;
			files = (
				5EFD8E1C1D29B314004EA812 /* LaunchScreen.storyboard in Resources */,
				5EFD8E191D29B314004EA812 /* Assets.xcassets in Resources */,
				5EFD8E171D29B314004EA812 /* Main.storyboard in Resources */,
			);
			runOnlyForDeploymentPostprocessing = 0;
		};
		5EFD8E201D29B314004EA812 /* Resources */ = {
			isa = PBXResourcesBuildPhase;
			buildActionMask = 2147483647;
			files = (
			);
			runOnlyForDeploymentPostprocessing = 0;
		};
		5EFD8E2B1D29B315004EA812 /* Resources */ = {
			isa = PBXResourcesBuildPhase;
			buildActionMask = 2147483647;
			files = (
			);
			runOnlyForDeploymentPostprocessing = 0;
		};
/* End PBXResourcesBuildPhase section */

/* Begin PBXSourcesBuildPhase section */
		5EFD8E0A1D29B314004EA812 /* Sources */ = {
			isa = PBXSourcesBuildPhase;
			buildActionMask = 2147483647;
			files = (
				5EFD8E121D29B314004EA812 /* AppDelegate.swift in Sources */,
				5EFD8E401D29BE79004EA812 /* MapViewController.swift in Sources */,
				5EFD8E421D29BE82004EA812 /* MapDetailViewController.swift in Sources */,
			);
			runOnlyForDeploymentPostprocessing = 0;
		};
		5EFD8E1E1D29B314004EA812 /* Sources */ = {
			isa = PBXSourcesBuildPhase;
			buildActionMask = 2147483647;
			files = (
				5EFD8E271D29B314004EA812 /* VirtualTouristTests.swift in Sources */,
			);
			runOnlyForDeploymentPostprocessing = 0;
		};
		5EFD8E291D29B315004EA812 /* Sources */ = {
			isa = PBXSourcesBuildPhase;
			buildActionMask = 2147483647;
			files = (
				5EFD8E321D29B315004EA812 /* VirtualTouristUITests.swift in Sources */,
			);
			runOnlyForDeploymentPostprocessing = 0;
		};
/* End PBXSourcesBuildPhase section */

/* Begin PBXTargetDependency section */
		5EFD8E241D29B314004EA812 /* PBXTargetDependency */ = {
			isa = PBXTargetDependency;
			target = 5EFD8E0D1D29B314004EA812 /* VirtualTourist */;
			targetProxy = 5EFD8E231D29B314004EA812 /* PBXContainerItemProxy */;
		};
		5EFD8E2F1D29B315004EA812 /* PBXTargetDependency */ = {
			isa = PBXTargetDependency;
			target = 5EFD8E0D1D29B314004EA812 /* VirtualTourist */;
			targetProxy = 5EFD8E2E1D29B315004EA812 /* PBXContainerItemProxy */;
		};
/* End PBXTargetDependency section */

/* Begin PBXVariantGroup section */
		5EFD8E151D29B314004EA812 /* Main.storyboard */ = {
			isa = PBXVariantGroup;
			children = (
				5EFD8E161D29B314004EA812 /* Base */,
			);
			name = Main.storyboard;
			sourceTree = "<group>";
		};
		5EFD8E1A1D29B314004EA812 /* LaunchScreen.storyboard */ = {
			isa = PBXVariantGroup;
			children = (
				5EFD8E1B1D29B314004EA812 /* Base */,
			);
			name = LaunchScreen.storyboard;
			sourceTree = "<group>";
		};
/* End PBXVariantGroup section */

/* Begin XCBuildConfiguration section */
		5EFD8E341D29B315004EA812 /* Debug */ = {
			isa = XCBuildConfiguration;
			buildSettings = {
				ALWAYS_SEARCH_USER_PATHS = NO;
				CLANG_ANALYZER_NONNULL = YES;
				CLANG_CXX_LANGUAGE_STANDARD = "gnu++0x";
				CLANG_CXX_LIBRARY = "libc++";
				CLANG_ENABLE_MODULES = YES;
				CLANG_ENABLE_OBJC_ARC = YES;
				CLANG_WARN_BOOL_CONVERSION = YES;
				CLANG_WARN_CONSTANT_CONVERSION = YES;
				CLANG_WARN_DIRECT_OBJC_ISA_USAGE = YES_ERROR;
				CLANG_WARN_EMPTY_BODY = YES;
				CLANG_WARN_ENUM_CONVERSION = YES;
				CLANG_WARN_INT_CONVERSION = YES;
				CLANG_WARN_OBJC_ROOT_CLASS = YES_ERROR;
				CLANG_WARN_UNREACHABLE_CODE = YES;
				CLANG_WARN__DUPLICATE_METHOD_MATCH = YES;
				"CODE_SIGN_IDENTITY[sdk=iphoneos*]" = "iPhone Developer";
				COPY_PHASE_STRIP = NO;
				DEBUG_INFORMATION_FORMAT = dwarf;
				ENABLE_STRICT_OBJC_MSGSEND = YES;
				ENABLE_TESTABILITY = YES;
				GCC_C_LANGUAGE_STANDARD = gnu99;
				GCC_DYNAMIC_NO_PIC = NO;
				GCC_NO_COMMON_BLOCKS = YES;
				GCC_OPTIMIZATION_LEVEL = 0;
				GCC_PREPROCESSOR_DEFINITIONS = (
					"DEBUG=1",
					"$(inherited)",
				);
				GCC_WARN_64_TO_32_BIT_CONVERSION = YES;
				GCC_WARN_ABOUT_RETURN_TYPE = YES_ERROR;
				GCC_WARN_UNDECLARED_SELECTOR = YES;
				GCC_WARN_UNINITIALIZED_AUTOS = YES_AGGRESSIVE;
				GCC_WARN_UNUSED_FUNCTION = YES;
				GCC_WARN_UNUSED_VARIABLE = YES;
				IPHONEOS_DEPLOYMENT_TARGET = 9.3;
				MTL_ENABLE_DEBUG_INFO = YES;
				ONLY_ACTIVE_ARCH = YES;
				SDKROOT = iphoneos;
				SWIFT_OPTIMIZATION_LEVEL = "-Onone";
			};
			name = Debug;
		};
		5EFD8E351D29B315004EA812 /* Release */ = {
			isa = XCBuildConfiguration;
			buildSettings = {
				ALWAYS_SEARCH_USER_PATHS = NO;
				CLANG_ANALYZER_NONNULL = YES;
				CLANG_CXX_LANGUAGE_STANDARD = "gnu++0x";
				CLANG_CXX_LIBRARY = "libc++";
				CLANG_ENABLE_MODULES = YES;
				CLANG_ENABLE_OBJC_ARC = YES;
				CLANG_WARN_BOOL_CONVERSION = YES;
				CLANG_WARN_CONSTANT_CONVERSION = YES;
				CLANG_WARN_DIRECT_OBJC_ISA_USAGE = YES_ERROR;
				CLANG_WARN_EMPTY_BODY = YES;
				CLANG_WARN_ENUM_CONVERSION = YES;
				CLANG_WARN_INT_CONVERSION = YES;
				CLANG_WARN_OBJC_ROOT_CLASS = YES_ERROR;
				CLANG_WARN_UNREACHABLE_CODE = YES;
				CLANG_WARN__DUPLICATE_METHOD_MATCH = YES;
				"CODE_SIGN_IDENTITY[sdk=iphoneos*]" = "iPhone Developer";
				COPY_PHASE_STRIP = NO;
				DEBUG_INFORMATION_FORMAT = "dwarf-with-dsym";
				ENABLE_NS_ASSERTIONS = NO;
				ENABLE_STRICT_OBJC_MSGSEND = YES;
				GCC_C_LANGUAGE_STANDARD = gnu99;
				GCC_NO_COMMON_BLOCKS = YES;
				GCC_WARN_64_TO_32_BIT_CONVERSION = YES;
				GCC_WARN_ABOUT_RETURN_TYPE = YES_ERROR;
				GCC_WARN_UNDECLARED_SELECTOR = YES;
				GCC_WARN_UNINITIALIZED_AUTOS = YES_AGGRESSIVE;
				GCC_WARN_UNUSED_FUNCTION = YES;
				GCC_WARN_UNUSED_VARIABLE = YES;
				IPHONEOS_DEPLOYMENT_TARGET = 9.3;
				MTL_ENABLE_DEBUG_INFO = NO;
				SDKROOT = iphoneos;
				VALIDATE_PRODUCT = YES;
			};
			name = Release;
		};
		5EFD8E371D29B315004EA812 /* Debug */ = {
			isa = XCBuildConfiguration;
			buildSettings = {
				ASSETCATALOG_COMPILER_APPICON_NAME = AppIcon;
				CODE_SIGN_IDENTITY = "iPhone Developer";
				"CODE_SIGN_IDENTITY[sdk=iphoneos*]" = "iPhone Developer";
				INFOPLIST_FILE = VirtualTourist/Info.plist;
				LD_RUNPATH_SEARCH_PATHS = "$(inherited) @executable_path/Frameworks";
				PRODUCT_BUNDLE_IDENTIFIER = com.akshaytiyer.VirtualTourist;
				PRODUCT_NAME = "$(TARGET_NAME)";
				PROVISIONING_PROFILE = "";
			};
			name = Debug;
		};
		5EFD8E381D29B315004EA812 /* Release */ = {
			isa = XCBuildConfiguration;
			buildSettings = {
				ASSETCATALOG_COMPILER_APPICON_NAME = AppIcon;
				CODE_SIGN_IDENTITY = "iPhone Developer";
				"CODE_SIGN_IDENTITY[sdk=iphoneos*]" = "iPhone Developer";
				INFOPLIST_FILE = VirtualTourist/Info.plist;
				LD_RUNPATH_SEARCH_PATHS = "$(inherited) @executable_path/Frameworks";
				PRODUCT_BUNDLE_IDENTIFIER = com.akshaytiyer.VirtualTourist;
				PRODUCT_NAME = "$(TARGET_NAME)";
				PROVISIONING_PROFILE = "";
			};
			name = Release;
		};
		5EFD8E3A1D29B315004EA812 /* Debug */ = {
			isa = XCBuildConfiguration;
			buildSettings = {
				BUNDLE_LOADER = "$(TEST_HOST)";
				INFOPLIST_FILE = VirtualTouristTests/Info.plist;
				LD_RUNPATH_SEARCH_PATHS = "$(inherited) @executable_path/Frameworks @loader_path/Frameworks";
				PRODUCT_BUNDLE_IDENTIFIER = com.akshaytiyer.VirtualTouristTests;
				PRODUCT_NAME = "$(TARGET_NAME)";
				TEST_HOST = "$(BUILT_PRODUCTS_DIR)/VirtualTourist.app/VirtualTourist";
			};
			name = Debug;
		};
		5EFD8E3B1D29B315004EA812 /* Release */ = {
			isa = XCBuildConfiguration;
			buildSettings = {
				BUNDLE_LOADER = "$(TEST_HOST)";
				INFOPLIST_FILE = VirtualTouristTests/Info.plist;
				LD_RUNPATH_SEARCH_PATHS = "$(inherited) @executable_path/Frameworks @loader_path/Frameworks";
				PRODUCT_BUNDLE_IDENTIFIER = com.akshaytiyer.VirtualTouristTests;
				PRODUCT_NAME = "$(TARGET_NAME)";
				TEST_HOST = "$(BUILT_PRODUCTS_DIR)/VirtualTourist.app/VirtualTourist";
			};
			name = Release;
		};
		5EFD8E3D1D29B315004EA812 /* Debug */ = {
			isa = XCBuildConfiguration;
			buildSettings = {
				INFOPLIST_FILE = VirtualTouristUITests/Info.plist;
				LD_RUNPATH_SEARCH_PATHS = "$(inherited) @executable_path/Frameworks @loader_path/Frameworks";
				PRODUCT_BUNDLE_IDENTIFIER = com.akshaytiyer.VirtualTouristUITests;
				PRODUCT_NAME = "$(TARGET_NAME)";
				TEST_TARGET_NAME = VirtualTourist;
			};
			name = Debug;
		};
		5EFD8E3E1D29B315004EA812 /* Release */ = {
			isa = XCBuildConfiguration;
			buildSettings = {
				INFOPLIST_FILE = VirtualTouristUITests/Info.plist;
				LD_RUNPATH_SEARCH_PATHS = "$(inherited) @executable_path/Frameworks @loader_path/Frameworks";
				PRODUCT_BUNDLE_IDENTIFIER = com.akshaytiyer.VirtualTouristUITests;
				PRODUCT_NAME = "$(TARGET_NAME)";
				TEST_TARGET_NAME = VirtualTourist;
			};
			name = Release;
		};
/* End XCBuildConfiguration section */

/* Begin XCConfigurationList section */
		5EFD8E091D29B314004EA812 /* Build configuration list for PBXProject "VirtualTourist" */ = {
			isa = XCConfigurationList;
			buildConfigurations = (
				5EFD8E341D29B315004EA812 /* Debug */,
				5EFD8E351D29B315004EA812 /* Release */,
			);
			defaultConfigurationIsVisible = 0;
			defaultConfigurationName = Release;
		};
		5EFD8E361D29B315004EA812 /* Build configuration list for PBXNativeTarget "VirtualTourist" */ = {
			isa = XCConfigurationList;
			buildConfigurations = (
				5EFD8E371D29B315004EA812 /* Debug */,
				5EFD8E381D29B315004EA812 /* Release */,
			);
			defaultConfigurationIsVisible = 0;
			defaultConfigurationName = Release;
		};
		5EFD8E391D29B315004EA812 /* Build configuration list for PBXNativeTarget "VirtualTouristTests" */ = {
			isa = XCConfigurationList;
			buildConfigurations = (
				5EFD8E3A1D29B315004EA812 /* Debug */,
				5EFD8E3B1D29B315004EA812 /* Release */,
			);
			defaultConfigurationIsVisible = 0;
			defaultConfigurationName = Release;
		};
		5EFD8E3C1D29B315004EA812 /* Build configuration list for PBXNativeTarget "VirtualTouristUITests" */ = {
			isa = XCConfigurationList;
			buildConfigurations = (
				5EFD8E3D1D29B315004EA812 /* Debug */,
				5EFD8E3E1D29B315004EA812 /* Release */,
			);
			defaultConfigurationIsVisible = 0;
			defaultConfigurationName = Release;
		};
/* End XCConfigurationList section */
	};
	rootObject = 5EFD8E061D29B314004EA812 /* Project object */;
}
